
Microsoft Visual Studio Solution File, Format Version 12.00
# Visual Studio 15
VisualStudioVersion = 15.0.26730.3
MinimumVisualStudioVersion = 10.0.40219.1
Project("{FAE04EC0-301F-11D3-BF4B-00C04F79EFBC}") = "SonarCloudRulesExtractor", "SonarCloudRulesExtractor\SonarCloudRulesExtractor.csproj", "{3A55E816-1A4E-40AD-8DEA-16D7BA991EF8}"
EndProject
Global
	GlobalSection(SolutionConfigurationPlatforms) = preSolution
		Debug|Any CPU = Debug|Any CPU
		Release|Any CPU = Release|Any CPU
	EndGlobalSection
	GlobalSection(ProjectConfigurationPlatforms) = postSolution
		{3A55E816-1A4E-40AD-8DEA-16D7BA991EF8}.Debug|Any CPU.ActiveCfg = Debug|Any CPU
		{3A55E816-1A4E-40AD-8DEA-16D7BA991EF8}.Debug|Any CPU.Build.0 = Debug|Any CPU
		{3A55E816-1A4E-40AD-8DEA-16D7BA991EF8}.Release|Any CPU.ActiveCfg = Release|Any CPU
		{3A55E816-1A4E-40AD-8DEA-16D7BA991EF8}.Release|Any CPU.Build.0 = Release|Any CPU
	EndGlobalSection
	GlobalSection(SolutionProperties) = preSolution
		HideSolutionNode = FALSE
	EndGlobalSection
	GlobalSection(ExtensibilityGlobals) = postSolution
		SolutionGuid = {BF0E079C-59C1-4BDB-932F-3982A44DB9CD}
	EndGlobalSection
EndGlobal
